
Microsoft Visual Studio Solution File, Format Version 12.00
# Visual Studio Version 17
VisualStudioVersion = 17.3.32922.545
MinimumVisualStudioVersion = 10.0.40219.1
Project("{9A19103F-16F7-4668-BE54-9A1E7A4F7556}") = "ProblemSolvers", "GneticAlghoritm\ProblemSolvers.csproj", "{84CD9B96-65C4-4F33-8D3B-07D1E00DB549}"
EndProject
Project("{2150E333-8FDC-42A3-9474-1A3956D46DE8}") = "Solution Items", "Solution Items", "{567EE7FB-DE94-4110-92BD-28538F28D72E}"
	ProjectSection(SolutionItems) = preProject
		readme.md = readme.md
	EndProjectSection
EndProject
Global
	GlobalSection(SolutionConfigurationPlatforms) = preSolution
		Debug|Any CPU = Debug|Any CPU
		Release|Any CPU = Release|Any CPU
	EndGlobalSection
	GlobalSection(ProjectConfigurationPlatforms) = postSolution
		{84CD9B96-65C4-4F33-8D3B-07D1E00DB549}.Debug|Any CPU.ActiveCfg = Debug|Any CPU
		{84CD9B96-65C4-4F33-8D3B-07D1E00DB549}.Debug|Any CPU.Build.0 = Debug|Any CPU
		{84CD9B96-65C4-4F33-8D3B-07D1E00DB549}.Release|Any CPU.ActiveCfg = Release|Any CPU
		{84CD9B96-65C4-4F33-8D3B-07D1E00DB549}.Release|Any CPU.Build.0 = Release|Any CPU
	EndGlobalSection
	GlobalSection(SolutionProperties) = preSolution
		HideSolutionNode = FALSE
	EndGlobalSection
	GlobalSection(ExtensibilityGlobals) = postSolution
		SolutionGuid = {64BCCA28-3663-4DC0-93D3-28BAAD3A3113}
	EndGlobalSection
EndGlobal
